
Microsoft Visual Studio Solution File, Format Version 12.00
# Visual Studio Version 16
VisualStudioVersion = 16.0.31515.178
MinimumVisualStudioVersion = 10.0.40219.1
Project("{FAE04EC0-301F-11D3-BF4B-00C04F79EFBC}") = "Bogdan_project1", "Bogdan_project1\Bogdan_project1.csproj", "{35789AB4-0501-49EF-835E-4210FF368396}"
EndProject
Global
	GlobalSection(SolutionConfigurationPlatforms) = preSolution
		Debug|Any CPU = Debug|Any CPU
		Release|Any CPU = Release|Any CPU
	EndGlobalSection
	GlobalSection(ProjectConfigurationPlatforms) = postSolution
		{35789AB4-0501-49EF-835E-4210FF368396}.Debug|Any CPU.ActiveCfg = Debug|Any CPU
		{35789AB4-0501-49EF-835E-4210FF368396}.Debug|Any CPU.Build.0 = Debug|Any CPU
		{35789AB4-0501-49EF-835E-4210FF368396}.Release|Any CPU.ActiveCfg = Release|Any CPU
		{35789AB4-0501-49EF-835E-4210FF368396}.Release|Any CPU.Build.0 = Release|Any CPU
	EndGlobalSection
	GlobalSection(SolutionProperties) = preSolution
		HideSolutionNode = FALSE
	EndGlobalSection
	GlobalSection(ExtensibilityGlobals) = postSolution
		SolutionGuid = {07993BEC-3218-4F08-9014-AC4E1DF59DCE}
	EndGlobalSection
EndGlobal
